
Microsoft Visual Studio Solution File, Format Version 12.00
# Visual Studio Version 17
VisualStudioVersion = 17.10.35122.118
MinimumVisualStudioVersion = 10.0.40219.1
Project("{888888A0-9F3D-457C-B088-3A5042F75D52}") = "Travelle-With-me", "Travelle-With-me.pyproj", "{8FCCD5BF-09B8-4B8B-976A-703C403707C8}"
EndProject
Global
	GlobalSection(SolutionConfigurationPlatforms) = preSolution
		Debug|Any CPU = Debug|Any CPU
		Release|Any CPU = Release|Any CPU
	EndGlobalSection
	GlobalSection(ProjectConfigurationPlatforms) = postSolution
		{8FCCD5BF-09B8-4B8B-976A-703C403707C8}.Debug|Any CPU.ActiveCfg = Debug|Any CPU
		{8FCCD5BF-09B8-4B8B-976A-703C403707C8}.Release|Any CPU.ActiveCfg = Release|Any CPU
	EndGlobalSection
	GlobalSection(SolutionProperties) = preSolution
		HideSolutionNode = FALSE
	EndGlobalSection
	GlobalSection(ExtensibilityGlobals) = postSolution
		SolutionGuid = {80A6C4C0-C82F-4217-964A-2ED31D2A8EC9}
	EndGlobalSection
EndGlobal
